// !$*UTF8*$!
{
	archiveVersion = 1;
	classes = {
	};
	objectVersion = 46;
	objects = {

/* Begin PBXBuildFile section */
		1B0FD5C21E5C4709002545CB /* GooglePlacesViewController.swift in Sources */ = {isa = PBXBuildFile; fileRef = 1B0FD5C11E5C4709002545CB /* GooglePlacesViewController.swift */; };
		38A345EF13FE4544F55023E1 /* Pods_RideShareAppTests.framework in Frameworks */ = {isa = PBXBuildFile; fileRef = 926A4FB03A1DA5BF92BBD515 /* Pods_RideShareAppTests.framework */; };
		3DA3D3367267DE02F97713E1 /* Pods_RideShareAppUITests.framework in Frameworks */ = {isa = PBXBuildFile; fileRef = F31B21696EA5375835593AF3 /* Pods_RideShareAppUITests.framework */; };
		441590CF1E5463DC0015214F /* Main.storyboard in Resources */ = {isa = PBXBuildFile; fileRef = 441590CD1E5463DC0015214F /* Main.storyboard */; };
		441590D11E5463DC0015214F /* Assets.xcassets in Resources */ = {isa = PBXBuildFile; fileRef = 441590D01E5463DC0015214F /* Assets.xcassets */; };
		441590D41E5463DC0015214F /* LaunchScreen.storyboard in Resources */ = {isa = PBXBuildFile; fileRef = 441590D21E5463DC0015214F /* LaunchScreen.storyboard */; };
		441590DF1E5463DD0015214F /* RideShareAppTests.swift in Sources */ = {isa = PBXBuildFile; fileRef = 441590DE1E5463DD0015214F /* RideShareAppTests.swift */; };
		441590EA1E5463DD0015214F /* RideShareAppUITests.swift in Sources */ = {isa = PBXBuildFile; fileRef = 441590E91E5463DD0015214F /* RideShareAppUITests.swift */; };
		A0A5947F1E54BE04006CEFD5 /* GoogleService-Info.plist in Resources */ = {isa = PBXBuildFile; fileRef = A0A5947E1E54BE04006CEFD5 /* GoogleService-Info.plist */; };
		A0A594801E54BE04006CEFD5 /* GoogleService-Info.plist in Resources */ = {isa = PBXBuildFile; fileRef = A0A5947E1E54BE04006CEFD5 /* GoogleService-Info.plist */; };
		A0A594811E54BE04006CEFD5 /* GoogleService-Info.plist in Resources */ = {isa = PBXBuildFile; fileRef = A0A5947E1E54BE04006CEFD5 /* GoogleService-Info.plist */; };
		A0A5948A1E54C007006CEFD5 /* AppDelegate.swift in Sources */ = {isa = PBXBuildFile; fileRef = A0A594871E54C007006CEFD5 /* AppDelegate.swift */; };
		A0A5948B1E54C007006CEFD5 /* AppDelegate.swift in Sources */ = {isa = PBXBuildFile; fileRef = A0A594871E54C007006CEFD5 /* AppDelegate.swift */; };
		A0A5948C1E54C007006CEFD5 /* AppDelegate.swift in Sources */ = {isa = PBXBuildFile; fileRef = A0A594871E54C007006CEFD5 /* AppDelegate.swift */; };
		A0A5948D1E54C007006CEFD5 /* BaseViewController.swift in Sources */ = {isa = PBXBuildFile; fileRef = A0A594891E54C007006CEFD5 /* BaseViewController.swift */; };
		A0A5948E1E54C007006CEFD5 /* BaseViewController.swift in Sources */ = {isa = PBXBuildFile; fileRef = A0A594891E54C007006CEFD5 /* BaseViewController.swift */; };
		A0A5948F1E54C007006CEFD5 /* BaseViewController.swift in Sources */ = {isa = PBXBuildFile; fileRef = A0A594891E54C007006CEFD5 /* BaseViewController.swift */; };
		A0A594911E54C023006CEFD5 /* SigninViewController.swift in Sources */ = {isa = PBXBuildFile; fileRef = A0A594901E54C023006CEFD5 /* SigninViewController.swift */; };
		A0A594921E54C023006CEFD5 /* SigninViewController.swift in Sources */ = {isa = PBXBuildFile; fileRef = A0A594901E54C023006CEFD5 /* SigninViewController.swift */; };
		A0A594931E54C023006CEFD5 /* SigninViewController.swift in Sources */ = {isa = PBXBuildFile; fileRef = A0A594901E54C023006CEFD5 /* SigninViewController.swift */; };
		A0A594961E55EE53006CEFD5 /* DatabaseOperationsViewController.swift in Sources */ = {isa = PBXBuildFile; fileRef = A0A594951E55EE53006CEFD5 /* DatabaseOperationsViewController.swift */; };
		A0A594971E55EE53006CEFD5 /* DatabaseOperationsViewController.swift in Sources */ = {isa = PBXBuildFile; fileRef = A0A594951E55EE53006CEFD5 /* DatabaseOperationsViewController.swift */; };
		A0A594981E55EE53006CEFD5 /* DatabaseOperationsViewController.swift in Sources */ = {isa = PBXBuildFile; fileRef = A0A594951E55EE53006CEFD5 /* DatabaseOperationsViewController.swift */; };
		A7CB17C23F0196D8FE721B3B /* Pods_RideShareApp.framework in Frameworks */ = {isa = PBXBuildFile; fileRef = CA3A9BF81FD2B7AE39E9BF81 /* Pods_RideShareApp.framework */; };
/* End PBXBuildFile section */

/* Begin PBXContainerItemProxy section */
		441590DB1E5463DD0015214F /* PBXContainerItemProxy */ = {
			isa = PBXContainerItemProxy;
			containerPortal = 441590BE1E5463DC0015214F /* Project object */;
			proxyType = 1;
			remoteGlobalIDString = 441590C51E5463DC0015214F;
			remoteInfo = RideShareApp;
		};
		441590E61E5463DD0015214F /* PBXContainerItemProxy */ = {
			isa = PBXContainerItemProxy;
			containerPortal = 441590BE1E5463DC0015214F /* Project object */;
			proxyType = 1;
			remoteGlobalIDString = 441590C51E5463DC0015214F;
			remoteInfo = RideShareApp;
		};
/* End PBXContainerItemProxy section */

/* Begin PBXFileReference section */
		0E692265358BB74486E20E01 /* Pods-RideShareApp.release.xcconfig */ = {isa = PBXFileReference; includeInIndex = 1; lastKnownFileType = text.xcconfig; name = "Pods-RideShareApp.release.xcconfig"; path = "Pods/Target Support Files/Pods-RideShareApp/Pods-RideShareApp.release.xcconfig"; sourceTree = "<group>"; };
		1B0FD5C11E5C4709002545CB /* GooglePlacesViewController.swift */ = {isa = PBXFileReference; fileEncoding = 4; lastKnownFileType = sourcecode.swift; name = GooglePlacesViewController.swift; path = RideShareApp/Classes/ViewControllers/GooglePlacesViewController.swift; sourceTree = "<group>"; };
		231ED9015531AC78A22DC92F /* Pods-RideShareAppTests.release.xcconfig */ = {isa = PBXFileReference; includeInIndex = 1; lastKnownFileType = text.xcconfig; name = "Pods-RideShareAppTests.release.xcconfig"; path = "Pods/Target Support Files/Pods-RideShareAppTests/Pods-RideShareAppTests.release.xcconfig"; sourceTree = "<group>"; };
		32F926EF70F15B8CEA6BD22E /* Pods-RideShareAppUITests.release.xcconfig */ = {isa = PBXFileReference; includeInIndex = 1; lastKnownFileType = text.xcconfig; name = "Pods-RideShareAppUITests.release.xcconfig"; path = "Pods/Target Support Files/Pods-RideShareAppUITests/Pods-RideShareAppUITests.release.xcconfig"; sourceTree = "<group>"; };
		3C865F03577C1CDD2EF4A6D7 /* Pods-RideShareAppUITests.debug.xcconfig */ = {isa = PBXFileReference; includeInIndex = 1; lastKnownFileType = text.xcconfig; name = "Pods-RideShareAppUITests.debug.xcconfig"; path = "Pods/Target Support Files/Pods-RideShareAppUITests/Pods-RideShareAppUITests.debug.xcconfig"; sourceTree = "<group>"; };
		441590C61E5463DC0015214F /* RideShareApp.app */ = {isa = PBXFileReference; explicitFileType = wrapper.application; includeInIndex = 0; path = RideShareApp.app; sourceTree = BUILT_PRODUCTS_DIR; };
		441590CE1E5463DC0015214F /* Base */ = {isa = PBXFileReference; lastKnownFileType = file.storyboard; name = Base; path = Base.lproj/Main.storyboard; sourceTree = "<group>"; };
		441590D01E5463DC0015214F /* Assets.xcassets */ = {isa = PBXFileReference; lastKnownFileType = folder.assetcatalog; path = Assets.xcassets; sourceTree = "<group>"; };
		441590D31E5463DC0015214F /* Base */ = {isa = PBXFileReference; lastKnownFileType = file.storyboard; name = Base; path = Base.lproj/LaunchScreen.storyboard; sourceTree = "<group>"; };
		441590D51E5463DC0015214F /* Info.plist */ = {isa = PBXFileReference; lastKnownFileType = text.plist.xml; path = Info.plist; sourceTree = "<group>"; };
		441590DA1E5463DD0015214F /* RideShareAppTests.xctest */ = {isa = PBXFileReference; explicitFileType = wrapper.cfbundle; includeInIndex = 0; path = RideShareAppTests.xctest; sourceTree = BUILT_PRODUCTS_DIR; };
		441590DE1E5463DD0015214F /* RideShareAppTests.swift */ = {isa = PBXFileReference; lastKnownFileType = sourcecode.swift; path = RideShareAppTests.swift; sourceTree = "<group>"; };
		441590E01E5463DD0015214F /* Info.plist */ = {isa = PBXFileReference; lastKnownFileType = text.plist.xml; path = Info.plist; sourceTree = "<group>"; };
		441590E51E5463DD0015214F /* RideShareAppUITests.xctest */ = {isa = PBXFileReference; explicitFileType = wrapper.cfbundle; includeInIndex = 0; path = RideShareAppUITests.xctest; sourceTree = BUILT_PRODUCTS_DIR; };
		441590E91E5463DD0015214F /* RideShareAppUITests.swift */ = {isa = PBXFileReference; lastKnownFileType = sourcecode.swift; path = RideShareAppUITests.swift; sourceTree = "<group>"; };
		441590EB1E5463DD0015214F /* Info.plist */ = {isa = PBXFileReference; lastKnownFileType = text.plist.xml; path = Info.plist; sourceTree = "<group>"; };
		441590F71E54679A0015214F /* RideShareApp-Bridging-Header.h */ = {isa = PBXFileReference; lastKnownFileType = sourcecode.c.h; path = "RideShareApp-Bridging-Header.h"; sourceTree = "<group>"; };
		926A4FB03A1DA5BF92BBD515 /* Pods_RideShareAppTests.framework */ = {isa = PBXFileReference; explicitFileType = wrapper.framework; includeInIndex = 0; path = Pods_RideShareAppTests.framework; sourceTree = BUILT_PRODUCTS_DIR; };
		A0A5947E1E54BE04006CEFD5 /* GoogleService-Info.plist */ = {isa = PBXFileReference; fileEncoding = 4; lastKnownFileType = text.plist.xml; path = "GoogleService-Info.plist"; sourceTree = "<group>"; };
		A0A594871E54C007006CEFD5 /* AppDelegate.swift */ = {isa = PBXFileReference; fileEncoding = 4; lastKnownFileType = sourcecode.swift; path = AppDelegate.swift; sourceTree = "<group>"; };
		A0A594891E54C007006CEFD5 /* BaseViewController.swift */ = {isa = PBXFileReference; fileEncoding = 4; lastKnownFileType = sourcecode.swift; path = BaseViewController.swift; sourceTree = "<group>"; };
		A0A594901E54C023006CEFD5 /* SigninViewController.swift */ = {isa = PBXFileReference; fileEncoding = 4; lastKnownFileType = sourcecode.swift; path = SigninViewController.swift; sourceTree = "<group>"; };
		A0A594941E54C6DC006CEFD5 /* RideShareApp.entitlements */ = {isa = PBXFileReference; lastKnownFileType = text.plist.entitlements; path = RideShareApp.entitlements; sourceTree = "<group>"; };
		A0A594951E55EE53006CEFD5 /* DatabaseOperationsViewController.swift */ = {isa = PBXFileReference; fileEncoding = 4; lastKnownFileType = sourcecode.swift; path = DatabaseOperationsViewController.swift; sourceTree = "<group>"; };
		C7B092A87EDF4391F17DCA33 /* Pods-RideShareAppTests.debug.xcconfig */ = {isa = PBXFileReference; includeInIndex = 1; lastKnownFileType = text.xcconfig; name = "Pods-RideShareAppTests.debug.xcconfig"; path = "Pods/Target Support Files/Pods-RideShareAppTests/Pods-RideShareAppTests.debug.xcconfig"; sourceTree = "<group>"; };
		CA3A9BF81FD2B7AE39E9BF81 /* Pods_RideShareApp.framework */ = {isa = PBXFileReference; explicitFileType = wrapper.framework; includeInIndex = 0; path = Pods_RideShareApp.framework; sourceTree = BUILT_PRODUCTS_DIR; };
		E4709A084CF75E880BB5F9CB /* Pods-RideShareApp.debug.xcconfig */ = {isa = PBXFileReference; includeInIndex = 1; lastKnownFileType = text.xcconfig; name = "Pods-RideShareApp.debug.xcconfig"; path = "Pods/Target Support Files/Pods-RideShareApp/Pods-RideShareApp.debug.xcconfig"; sourceTree = "<group>"; };
		F31B21696EA5375835593AF3 /* Pods_RideShareAppUITests.framework */ = {isa = PBXFileReference; explicitFileType = wrapper.framework; includeInIndex = 0; path = Pods_RideShareAppUITests.framework; sourceTree = BUILT_PRODUCTS_DIR; };
/* End PBXFileReference section */

/* Begin PBXFrameworksBuildPhase section */
		441590C31E5463DC0015214F /* Frameworks */ = {
			isa = PBXFrameworksBuildPhase;
			buildActionMask = 2147483647;
			files = (
				A7CB17C23F0196D8FE721B3B /* Pods_RideShareApp.framework in Frameworks */,
			);
			runOnlyForDeploymentPostprocessing = 0;
		};
		441590D71E5463DD0015214F /* Frameworks */ = {
			isa = PBXFrameworksBuildPhase;
			buildActionMask = 2147483647;
			files = (
				38A345EF13FE4544F55023E1 /* Pods_RideShareAppTests.framework in Frameworks */,
			);
			runOnlyForDeploymentPostprocessing = 0;
		};
		441590E21E5463DD0015214F /* Frameworks */ = {
			isa = PBXFrameworksBuildPhase;
			buildActionMask = 2147483647;
			files = (
				3DA3D3367267DE02F97713E1 /* Pods_RideShareAppUITests.framework in Frameworks */,
			);
			runOnlyForDeploymentPostprocessing = 0;
		};
/* End PBXFrameworksBuildPhase section */

/* Begin PBXGroup section */
		2A66C3624BCBBB73BEAD55FA /* Pods */ = {
			isa = PBXGroup;
			children = (
				E4709A084CF75E880BB5F9CB /* Pods-RideShareApp.debug.xcconfig */,
				0E692265358BB74486E20E01 /* Pods-RideShareApp.release.xcconfig */,
				C7B092A87EDF4391F17DCA33 /* Pods-RideShareAppTests.debug.xcconfig */,
				231ED9015531AC78A22DC92F /* Pods-RideShareAppTests.release.xcconfig */,
				3C865F03577C1CDD2EF4A6D7 /* Pods-RideShareAppUITests.debug.xcconfig */,
				32F926EF70F15B8CEA6BD22E /* Pods-RideShareAppUITests.release.xcconfig */,
			);
			name = Pods;
			sourceTree = "<group>";
		};
		441590BD1E5463DC0015214F = {
			isa = PBXGroup;
			children = (
				1B0FD5C11E5C4709002545CB /* GooglePlacesViewController.swift */,
				441590C81E5463DC0015214F /* RideShareApp */,
				441590DD1E5463DD0015214F /* RideShareAppTests */,
				441590E81E5463DD0015214F /* RideShareAppUITests */,
				441590C71E5463DC0015214F /* Products */,
				2A66C3624BCBBB73BEAD55FA /* Pods */,
				61D6CAE058B8FD545625FAB6 /* Frameworks */,
			);
			sourceTree = "<group>";
		};
		441590C71E5463DC0015214F /* Products */ = {
			isa = PBXGroup;
			children = (
				441590C61E5463DC0015214F /* RideShareApp.app */,
				441590DA1E5463DD0015214F /* RideShareAppTests.xctest */,
				441590E51E5463DD0015214F /* RideShareAppUITests.xctest */,
			);
			name = Products;
			sourceTree = "<group>";
		};
		441590C81E5463DC0015214F /* RideShareApp */ = {
			isa = PBXGroup;
			children = (
				A0A594941E54C6DC006CEFD5 /* RideShareApp.entitlements */,
				A0A5947D1E54BE04006CEFD5 /* Resources */,
				A0A594861E54C007006CEFD5 /* Classes */,
				441590CD1E5463DC0015214F /* Main.storyboard */,
				441590D01E5463DC0015214F /* Assets.xcassets */,
				441590D21E5463DC0015214F /* LaunchScreen.storyboard */,
				441590D51E5463DC0015214F /* Info.plist */,
				441590F71E54679A0015214F /* RideShareApp-Bridging-Header.h */,
			);
			path = RideShareApp;
			sourceTree = "<group>";
		};
		441590DD1E5463DD0015214F /* RideShareAppTests */ = {
			isa = PBXGroup;
			children = (
				441590DE1E5463DD0015214F /* RideShareAppTests.swift */,
				441590E01E5463DD0015214F /* Info.plist */,
			);
			path = RideShareAppTests;
			sourceTree = "<group>";
		};
		441590E81E5463DD0015214F /* RideShareAppUITests */ = {
			isa = PBXGroup;
			children = (
				441590E91E5463DD0015214F /* RideShareAppUITests.swift */,
				441590EB1E5463DD0015214F /* Info.plist */,
			);
			path = RideShareAppUITests;
			sourceTree = "<group>";
		};
		61D6CAE058B8FD545625FAB6 /* Frameworks */ = {
			isa = PBXGroup;
			children = (
				CA3A9BF81FD2B7AE39E9BF81 /* Pods_RideShareApp.framework */,
				926A4FB03A1DA5BF92BBD515 /* Pods_RideShareAppTests.framework */,
				F31B21696EA5375835593AF3 /* Pods_RideShareAppUITests.framework */,
			);
			name = Frameworks;
			sourceTree = "<group>";
		};
		A0A5947D1E54BE04006CEFD5 /* Resources */ = {
			isa = PBXGroup;
			children = (
				A0A5947E1E54BE04006CEFD5 /* GoogleService-Info.plist */,
			);
			path = Resources;
			sourceTree = "<group>";
		};
		A0A594861E54C007006CEFD5 /* Classes */ = {
			isa = PBXGroup;
			children = (
				A0A594881E54C007006CEFD5 /* ViewControllers */,
				A0A594871E54C007006CEFD5 /* AppDelegate.swift */,
			);
			path = Classes;
			sourceTree = "<group>";
		};
		A0A594881E54C007006CEFD5 /* ViewControllers */ = {
			isa = PBXGroup;
			children = (
				A0A594951E55EE53006CEFD5 /* DatabaseOperationsViewController.swift */,
				A0A594901E54C023006CEFD5 /* SigninViewController.swift */,
				A0A594891E54C007006CEFD5 /* BaseViewController.swift */,
			);
			path = ViewControllers;
			sourceTree = "<group>";
		};
/* End PBXGroup section */

/* Begin PBXNativeTarget section */
		441590C51E5463DC0015214F /* RideShareApp */ = {
			isa = PBXNativeTarget;
			buildConfigurationList = 441590EE1E5463DD0015214F /* Build configuration list for PBXNativeTarget "RideShareApp" */;
			buildPhases = (
				62071056C21F12458CFB2510 /* [CP] Check Pods Manifest.lock */,
				441590C21E5463DC0015214F /* Sources */,
				441590C31E5463DC0015214F /* Frameworks */,
				441590C41E5463DC0015214F /* Resources */,
				4DADF6D4E5A7ECE22E960DB8 /* [CP] Embed Pods Frameworks */,
				486098045A44DC24E3168199 /* [CP] Copy Pods Resources */,
			);
			buildRules = (
			);
			dependencies = (
			);
			name = RideShareApp;
			productName = RideShareApp;
			productReference = 441590C61E5463DC0015214F /* RideShareApp.app */;
			productType = "com.apple.product-type.application";
		};
		441590D91E5463DD0015214F /* RideShareAppTests */ = {
			isa = PBXNativeTarget;
			buildConfigurationList = 441590F11E5463DD0015214F /* Build configuration list for PBXNativeTarget "RideShareAppTests" */;
			buildPhases = (
				CDFC94FBA97D504E5521F7E5 /* [CP] Check Pods Manifest.lock */,
				441590D61E5463DD0015214F /* Sources */,
				441590D71E5463DD0015214F /* Frameworks */,
				441590D81E5463DD0015214F /* Resources */,
				95E24447CFDB5284BA619BEB /* [CP] Embed Pods Frameworks */,
				F7C3CC021F7222E5D3FF8642 /* [CP] Copy Pods Resources */,
			);
			buildRules = (
			);
			dependencies = (
				441590DC1E5463DD0015214F /* PBXTargetDependency */,
			);
			name = RideShareAppTests;
			productName = RideShareAppTests;
			productReference = 441590DA1E5463DD0015214F /* RideShareAppTests.xctest */;
			productType = "com.apple.product-type.bundle.unit-test";
		};
		441590E41E5463DD0015214F /* RideShareAppUITests */ = {
			isa = PBXNativeTarget;
			buildConfigurationList = 441590F41E5463DD0015214F /* Build configuration list for PBXNativeTarget "RideShareAppUITests" */;
			buildPhases = (
				8D1348F9D403E7C52B1C3C53 /* [CP] Check Pods Manifest.lock */,
				441590E11E5463DD0015214F /* Sources */,
				441590E21E5463DD0015214F /* Frameworks */,
				441590E31E5463DD0015214F /* Resources */,
				99AE741207C835F0107FB535 /* [CP] Embed Pods Frameworks */,
				13B66203DA64E867D018B7C6 /* [CP] Copy Pods Resources */,
			);
			buildRules = (
			);
			dependencies = (
				441590E71E5463DD0015214F /* PBXTargetDependency */,
			);
			name = RideShareAppUITests;
			productName = RideShareAppUITests;
			productReference = 441590E51E5463DD0015214F /* RideShareAppUITests.xctest */;
			productType = "com.apple.product-type.bundle.ui-testing";
		};
/* End PBXNativeTarget section */

/* Begin PBXProject section */
		441590BE1E5463DC0015214F /* Project object */ = {
			isa = PBXProject;
			attributes = {
				LastSwiftUpdateCheck = 0810;
				LastUpgradeCheck = 0810;
				ORGANIZATIONNAME = Tcs;
				TargetAttributes = {
					441590C51E5463DC0015214F = {
						CreatedOnToolsVersion = 8.1;
						DevelopmentTeam = 9W5FFKY42D;
						LastSwiftMigration = 0810;
						ProvisioningStyle = Automatic;
						SystemCapabilities = {
							com.apple.Keychain = {
								enabled = 1;
							};
						};
					};
					441590D91E5463DD0015214F = {
						CreatedOnToolsVersion = 8.1;
						ProvisioningStyle = Automatic;
						TestTargetID = 441590C51E5463DC0015214F;
					};
					441590E41E5463DD0015214F = {
						CreatedOnToolsVersion = 8.1;
						ProvisioningStyle = Automatic;
						TestTargetID = 441590C51E5463DC0015214F;
					};
				};
			};
			buildConfigurationList = 441590C11E5463DC0015214F /* Build configuration list for PBXProject "RideShareApp" */;
			compatibilityVersion = "Xcode 3.2";
			developmentRegion = English;
			hasScannedForEncodings = 0;
			knownRegions = (
				en,
				Base,
			);
			mainGroup = 441590BD1E5463DC0015214F;
			productRefGroup = 441590C71E5463DC0015214F /* Products */;
			projectDirPath = "";
			projectRoot = "";
			targets = (
				441590C51E5463DC0015214F /* RideShareApp */,
				441590D91E5463DD0015214F /* RideShareAppTests */,
				441590E41E5463DD0015214F /* RideShareAppUITests */,
			);
		};
/* End PBXProject section */

/* Begin PBXResourcesBuildPhase section */
		441590C41E5463DC0015214F /* Resources */ = {
			isa = PBXResourcesBuildPhase;
			buildActionMask = 2147483647;
			files = (
				441590D41E5463DC0015214F /* LaunchScreen.storyboard in Resources */,
				A0A5947F1E54BE04006CEFD5 /* GoogleService-Info.plist in Resources */,
				441590D11E5463DC0015214F /* Assets.xcassets in Resources */,
				441590CF1E5463DC0015214F /* Main.storyboard in Resources */,
			);
			runOnlyForDeploymentPostprocessing = 0;
		};
		441590D81E5463DD0015214F /* Resources */ = {
			isa = PBXResourcesBuildPhase;
			buildActionMask = 2147483647;
			files = (
				A0A594801E54BE04006CEFD5 /* GoogleService-Info.plist in Resources */,
			);
			runOnlyForDeploymentPostprocessing = 0;
		};
		441590E31E5463DD0015214F /* Resources */ = {
			isa = PBXResourcesBuildPhase;
			buildActionMask = 2147483647;
			files = (
				A0A594811E54BE04006CEFD5 /* GoogleService-Info.plist in Resources */,
			);
			runOnlyForDeploymentPostprocessing = 0;
		};
/* End PBXResourcesBuildPhase section */

/* Begin PBXShellScriptBuildPhase section */
		13B66203DA64E867D018B7C6 /* [CP] Copy Pods Resources */ = {
			isa = PBXShellScriptBuildPhase;
			buildActionMask = 2147483647;
			files = (
			);
			inputPaths = (
			);
			name = "[CP] Copy Pods Resources";
			outputPaths = (
			);
			runOnlyForDeploymentPostprocessing = 0;
			shellPath = /bin/sh;
			shellScript = "\"${SRCROOT}/Pods/Target Support Files/Pods-RideShareAppUITests/Pods-RideShareAppUITests-resources.sh\"\n";
			showEnvVarsInLog = 0;
		};
		486098045A44DC24E3168199 /* [CP] Copy Pods Resources */ = {
			isa = PBXShellScriptBuildPhase;
			buildActionMask = 2147483647;
			files = (
			);
			inputPaths = (
			);
			name = "[CP] Copy Pods Resources";
			outputPaths = (
			);
			runOnlyForDeploymentPostprocessing = 0;
			shellPath = /bin/sh;
			shellScript = "\"${SRCROOT}/Pods/Target Support Files/Pods-RideShareApp/Pods-RideShareApp-resources.sh\"\n";
			showEnvVarsInLog = 0;
		};
		4DADF6D4E5A7ECE22E960DB8 /* [CP] Embed Pods Frameworks */ = {
			isa = PBXShellScriptBuildPhase;
			buildActionMask = 2147483647;
			files = (
			);
			inputPaths = (
			);
			name = "[CP] Embed Pods Frameworks";
			outputPaths = (
			);
			runOnlyForDeploymentPostprocessing = 0;
			shellPath = /bin/sh;
			shellScript = "\"${SRCROOT}/Pods/Target Support Files/Pods-RideShareApp/Pods-RideShareApp-frameworks.sh\"\n";
			showEnvVarsInLog = 0;
		};
		62071056C21F12458CFB2510 /* [CP] Check Pods Manifest.lock */ = {
			isa = PBXShellScriptBuildPhase;
			buildActionMask = 2147483647;
			files = (
			);
			inputPaths = (
			);
			name = "[CP] Check Pods Manifest.lock";
			outputPaths = (
			);
			runOnlyForDeploymentPostprocessing = 0;
			shellPath = /bin/sh;
			shellScript = "diff \"${PODS_ROOT}/../Podfile.lock\" \"${PODS_ROOT}/Manifest.lock\" > /dev/null\nif [ $? != 0 ] ; then\n    # print error to STDERR\n    echo \"error: The sandbox is not in sync with the Podfile.lock. Run 'pod install' or update your CocoaPods installation.\" >&2\n    exit 1\nfi\n";
			showEnvVarsInLog = 0;
		};
		8D1348F9D403E7C52B1C3C53 /* [CP] Check Pods Manifest.lock */ = {
			isa = PBXShellScriptBuildPhase;
			buildActionMask = 2147483647;
			files = (
			);
			inputPaths = (
			);
			name = "[CP] Check Pods Manifest.lock";
			outputPaths = (
			);
			runOnlyForDeploymentPostprocessing = 0;
			shellPath = /bin/sh;
			shellScript = "diff \"${PODS_ROOT}/../Podfile.lock\" \"${PODS_ROOT}/Manifest.lock\" > /dev/null\nif [ $? != 0 ] ; then\n    # print error to STDERR\n    echo \"error: The sandbox is not in sync with the Podfile.lock. Run 'pod install' or update your CocoaPods installation.\" >&2\n    exit 1\nfi\n";
			showEnvVarsInLog = 0;
		};
		95E24447CFDB5284BA619BEB /* [CP] Embed Pods Frameworks */ = {
			isa = PBXShellScriptBuildPhase;
			buildActionMask = 2147483647;
			files = (
			);
			inputPaths = (
			);
			name = "[CP] Embed Pods Frameworks";
			outputPaths = (
			);
			runOnlyForDeploymentPostprocessing = 0;
			shellPath = /bin/sh;
			shellScript = "\"${SRCROOT}/Pods/Target Support Files/Pods-RideShareAppTests/Pods-RideShareAppTests-frameworks.sh\"\n";
			showEnvVarsInLog = 0;
		};
		99AE741207C835F0107FB535 /* [CP] Embed Pods Frameworks */ = {
			isa = PBXShellScriptBuildPhase;
			buildActionMask = 2147483647;
			files = (
			);
			inputPaths = (
			);
			name = "[CP] Embed Pods Frameworks";
			outputPaths = (
			);
			runOnlyForDeploymentPostprocessing = 0;
			shellPath = /bin/sh;
			shellScript = "\"${SRCROOT}/Pods/Target Support Files/Pods-RideShareAppUITests/Pods-RideShareAppUITests-frameworks.sh\"\n";
			showEnvVarsInLog = 0;
		};
		CDFC94FBA97D504E5521F7E5 /* [CP] Check Pods Manifest.lock */ = {
			isa = PBXShellScriptBuildPhase;
			buildActionMask = 2147483647;
			files = (
			);
			inputPaths = (
			);
			name = "[CP] Check Pods Manifest.lock";
			outputPaths = (
			);
			runOnlyForDeploymentPostprocessing = 0;
			shellPath = /bin/sh;
			shellScript = "diff \"${PODS_ROOT}/../Podfile.lock\" \"${PODS_ROOT}/Manifest.lock\" > /dev/null\nif [ $? != 0 ] ; then\n    # print error to STDERR\n    echo \"error: The sandbox is not in sync with the Podfile.lock. Run 'pod install' or update your CocoaPods installation.\" >&2\n    exit 1\nfi\n";
			showEnvVarsInLog = 0;
		};
		F7C3CC021F7222E5D3FF8642 /* [CP] Copy Pods Resources */ = {
			isa = PBXShellScriptBuildPhase;
			buildActionMask = 2147483647;
			files = (
			);
			inputPaths = (
			);
			name = "[CP] Copy Pods Resources";
			outputPaths = (
			);
			runOnlyForDeploymentPostprocessing = 0;
			shellPath = /bin/sh;
			shellScript = "\"${SRCROOT}/Pods/Target Support Files/Pods-RideShareAppTests/Pods-RideShareAppTests-resources.sh\"\n";
			showEnvVarsInLog = 0;
		};
/* End PBXShellScriptBuildPhase section */

/* Begin PBXSourcesBuildPhase section */
		441590C21E5463DC0015214F /* Sources */ = {
			isa = PBXSourcesBuildPhase;
			buildActionMask = 2147483647;
			files = (
				A0A5948A1E54C007006CEFD5 /* AppDelegate.swift in Sources */,
				1B0FD5C21E5C4709002545CB /* GooglePlacesViewController.swift in Sources */,
				A0A594961E55EE53006CEFD5 /* DatabaseOperationsViewController.swift in Sources */,
				A0A5948D1E54C007006CEFD5 /* BaseViewController.swift in Sources */,
				A0A594911E54C023006CEFD5 /* SigninViewController.swift in Sources */,
			);
			runOnlyForDeploymentPostprocessing = 0;
		};
		441590D61E5463DD0015214F /* Sources */ = {
			isa = PBXSourcesBuildPhase;
			buildActionMask = 2147483647;
			files = (
				A0A594921E54C023006CEFD5 /* SigninViewController.swift in Sources */,
				A0A594971E55EE53006CEFD5 /* DatabaseOperationsViewController.swift in Sources */,
				A0A5948B1E54C007006CEFD5 /* AppDelegate.swift in Sources */,
				A0A5948E1E54C007006CEFD5 /* BaseViewController.swift in Sources */,
				441590DF1E5463DD0015214F /* RideShareAppTests.swift in Sources */,
			);
			runOnlyForDeploymentPostprocessing = 0;
		};
		441590E11E5463DD0015214F /* Sources */ = {
			isa = PBXSourcesBuildPhase;
			buildActionMask = 2147483647;
			files = (
				A0A594931E54C023006CEFD5 /* SigninViewController.swift in Sources */,
				A0A594981E55EE53006CEFD5 /* DatabaseOperationsViewController.swift in Sources */,
				A0A5948C1E54C007006CEFD5 /* AppDelegate.swift in Sources */,
				A0A5948F1E54C007006CEFD5 /* BaseViewController.swift in Sources */,
				441590EA1E5463DD0015214F /* RideShareAppUITests.swift in Sources */,
			);
			runOnlyForDeploymentPostprocessing = 0;
		};
/* End PBXSourcesBuildPhase section */

/* Begin PBXTargetDependency section */
		441590DC1E5463DD0015214F /* PBXTargetDependency */ = {
			isa = PBXTargetDependency;
			target = 441590C51E5463DC0015214F /* RideShareApp */;
			targetProxy = 441590DB1E5463DD0015214F /* PBXContainerItemProxy */;
		};
		441590E71E5463DD0015214F /* PBXTargetDependency */ = {
			isa = PBXTargetDependency;
			target = 441590C51E5463DC0015214F /* RideShareApp */;
			targetProxy = 441590E61E5463DD0015214F /* PBXContainerItemProxy */;
		};
/* End PBXTargetDependency section */

/* Begin PBXVariantGroup section */
		441590CD1E5463DC0015214F /* Main.storyboard */ = {
			isa = PBXVariantGroup;
			children = (
				441590CE1E5463DC0015214F /* Base */,
			);
			name = Main.storyboard;
			sourceTree = "<group>";
		};
		441590D21E5463DC0015214F /* LaunchScreen.storyboard */ = {
			isa = PBXVariantGroup;
			children = (
				441590D31E5463DC0015214F /* Base */,
			);
			name = LaunchScreen.storyboard;
			sourceTree = "<group>";
		};
/* End PBXVariantGroup section */

/* Begin XCBuildConfiguration section */
		441590EC1E5463DD0015214F /* Debug */ = {
			isa = XCBuildConfiguration;
			buildSettings = {
				ALWAYS_SEARCH_USER_PATHS = NO;
				CLANG_ANALYZER_NONNULL = YES;
				CLANG_CXX_LANGUAGE_STANDARD = "gnu++0x";
				CLANG_CXX_LIBRARY = "libc++";
				CLANG_ENABLE_MODULES = YES;
				CLANG_ENABLE_OBJC_ARC = YES;
				CLANG_WARN_BOOL_CONVERSION = YES;
				CLANG_WARN_CONSTANT_CONVERSION = YES;
				CLANG_WARN_DIRECT_OBJC_ISA_USAGE = YES_ERROR;
				CLANG_WARN_DOCUMENTATION_COMMENTS = YES;
				CLANG_WARN_EMPTY_BODY = YES;
				CLANG_WARN_ENUM_CONVERSION = YES;
				CLANG_WARN_INFINITE_RECURSION = YES;
				CLANG_WARN_INT_CONVERSION = YES;
				CLANG_WARN_OBJC_ROOT_CLASS = YES_ERROR;
				CLANG_WARN_SUSPICIOUS_MOVES = YES;
				CLANG_WARN_UNREACHABLE_CODE = YES;
				CLANG_WARN__DUPLICATE_METHOD_MATCH = YES;
				"CODE_SIGN_IDENTITY[sdk=iphoneos*]" = "iPhone Developer";
				COPY_PHASE_STRIP = NO;
				DEBUG_INFORMATION_FORMAT = dwarf;
				ENABLE_STRICT_OBJC_MSGSEND = YES;
				ENABLE_TESTABILITY = YES;
				GCC_C_LANGUAGE_STANDARD = gnu99;
				GCC_DYNAMIC_NO_PIC = NO;
				GCC_NO_COMMON_BLOCKS = YES;
				GCC_OPTIMIZATION_LEVEL = 0;
				GCC_PREPROCESSOR_DEFINITIONS = (
					"DEBUG=1",
					"$(inherited)",
				);
				GCC_WARN_64_TO_32_BIT_CONVERSION = YES;
				GCC_WARN_ABOUT_RETURN_TYPE = YES_ERROR;
				GCC_WARN_UNDECLARED_SELECTOR = YES;
				GCC_WARN_UNINITIALIZED_AUTOS = YES_AGGRESSIVE;
				GCC_WARN_UNUSED_FUNCTION = YES;
				GCC_WARN_UNUSED_VARIABLE = YES;
				IPHONEOS_DEPLOYMENT_TARGET = 10.1;
				MTL_ENABLE_DEBUG_INFO = YES;
				ONLY_ACTIVE_ARCH = YES;
				SDKROOT = iphoneos;
				SWIFT_ACTIVE_COMPILATION_CONDITIONS = DEBUG;
				SWIFT_OPTIMIZATION_LEVEL = "-Onone";
				TARGETED_DEVICE_FAMILY = "1,2";
			};
			name = Debug;
		};
		441590ED1E5463DD0015214F /* Release */ = {
			isa = XCBuildConfiguration;
			buildSettings = {
				ALWAYS_SEARCH_USER_PATHS = NO;
				CLANG_ANALYZER_NONNULL = YES;
				CLANG_CXX_LANGUAGE_STANDARD = "gnu++0x";
				CLANG_CXX_LIBRARY = "libc++";
				CLANG_ENABLE_MODULES = YES;
				CLANG_ENABLE_OBJC_ARC = YES;
				CLANG_WARN_BOOL_CONVERSION = YES;
				CLANG_WARN_CONSTANT_CONVERSION = YES;
				CLANG_WARN_DIRECT_OBJC_ISA_USAGE = YES_ERROR;
				CLANG_WARN_DOCUMENTATION_COMMENTS = YES;
				CLANG_WARN_EMPTY_BODY = YES;
				CLANG_WARN_ENUM_CONVERSION = YES;
				CLANG_WARN_INFINITE_RECURSION = YES;
				CLANG_WARN_INT_CONVERSION = YES;
				CLANG_WARN_OBJC_ROOT_CLASS = YES_ERROR;
				CLANG_WARN_SUSPICIOUS_MOVES = YES;
				CLANG_WARN_UNREACHABLE_CODE = YES;
				CLANG_WARN__DUPLICATE_METHOD_MATCH = YES;
				"CODE_SIGN_IDENTITY[sdk=iphoneos*]" = "iPhone Developer";
				COPY_PHASE_STRIP = NO;
				DEBUG_INFORMATION_FORMAT = "dwarf-with-dsym";
				ENABLE_NS_ASSERTIONS = NO;
				ENABLE_STRICT_OBJC_MSGSEND = YES;
				GCC_C_LANGUAGE_STANDARD = gnu99;
				GCC_NO_COMMON_BLOCKS = YES;
				GCC_WARN_64_TO_32_BIT_CONVERSION = YES;
				GCC_WARN_ABOUT_RETURN_TYPE = YES_ERROR;
				GCC_WARN_UNDECLARED_SELECTOR = YES;
				GCC_WARN_UNINITIALIZED_AUTOS = YES_AGGRESSIVE;
				GCC_WARN_UNUSED_FUNCTION = YES;
				GCC_WARN_UNUSED_VARIABLE = YES;
				IPHONEOS_DEPLOYMENT_TARGET = 10.1;
				MTL_ENABLE_DEBUG_INFO = NO;
				SDKROOT = iphoneos;
				SWIFT_OPTIMIZATION_LEVEL = "-Owholemodule";
				TARGETED_DEVICE_FAMILY = "1,2";
				VALIDATE_PRODUCT = YES;
			};
			name = Release;
		};
		441590EF1E5463DD0015214F /* Debug */ = {
			isa = XCBuildConfiguration;
			baseConfigurationReference = E4709A084CF75E880BB5F9CB /* Pods-RideShareApp.debug.xcconfig */;
			buildSettings = {
				ASSETCATALOG_COMPILER_APPICON_NAME = AppIcon;
				CLANG_ENABLE_MODULES = YES;
				CODE_SIGN_ENTITLEMENTS = RideShareApp/RideShareApp.entitlements;
				DEVELOPMENT_TEAM = 9W5FFKY42D;
				INFOPLIST_FILE = RideShareApp/Info.plist;
				LD_RUNPATH_SEARCH_PATHS = "$(inherited) @executable_path/Frameworks";
				PRODUCT_BUNDLE_IDENTIFIER = com.hackathon.RideShareApp;
				PRODUCT_NAME = "$(TARGET_NAME)";
				SWIFT_OBJC_BRIDGING_HEADER = "RideShareApp/RideShareApp-Bridging-Header.h";
				SWIFT_OPTIMIZATION_LEVEL = "-Onone";
				SWIFT_VERSION = 3.0;
			};
			name = Debug;
		};
		441590F01E5463DD0015214F /* Release */ = {
			isa = XCBuildConfiguration;
			baseConfigurationReference = 0E692265358BB74486E20E01 /* Pods-RideShareApp.release.xcconfig */;
			buildSettings = {
				ASSETCATALOG_COMPILER_APPICON_NAME = AppIcon;
				CLANG_ENABLE_MODULES = YES;
				CODE_SIGN_ENTITLEMENTS = RideShareApp/RideShareApp.entitlements;
				DEVELOPMENT_TEAM = 9W5FFKY42D;
				INFOPLIST_FILE = RideShareApp/Info.plist;
				LD_RUNPATH_SEARCH_PATHS = "$(inherited) @executable_path/Frameworks";
				PRODUCT_BUNDLE_IDENTIFIER = com.hackathon.RideShareApp;
				PRODUCT_NAME = "$(TARGET_NAME)";
				SWIFT_OBJC_BRIDGING_HEADER = "RideShareApp/RideShareApp-Bridging-Header.h";
				SWIFT_VERSION = 3.0;
			};
			name = Release;
		};
		441590F21E5463DD0015214F /* Debug */ = {
			isa = XCBuildConfiguration;
			baseConfigurationReference = C7B092A87EDF4391F17DCA33 /* Pods-RideShareAppTests.debug.xcconfig */;
			buildSettings = {
				ALWAYS_EMBED_SWIFT_STANDARD_LIBRARIES = YES;
				BUNDLE_LOADER = "$(TEST_HOST)";
				INFOPLIST_FILE = RideShareAppTests/Info.plist;
				LD_RUNPATH_SEARCH_PATHS = "$(inherited) @executable_path/Frameworks @loader_path/Frameworks";
				PRODUCT_BUNDLE_IDENTIFIER = com.hackathon.RideShareAppTests;
				PRODUCT_NAME = "$(TARGET_NAME)";
				SWIFT_VERSION = 3.0;
				TEST_HOST = "$(BUILT_PRODUCTS_DIR)/RideShareApp.app/RideShareApp";
			};
			name = Debug;
		};
		441590F31E5463DD0015214F /* Release */ = {
			isa = XCBuildConfiguration;
			baseConfigurationReference = 231ED9015531AC78A22DC92F /* Pods-RideShareAppTests.release.xcconfig */;
			buildSettings = {
				ALWAYS_EMBED_SWIFT_STANDARD_LIBRARIES = YES;
				BUNDLE_LOADER = "$(TEST_HOST)";
				INFOPLIST_FILE = RideShareAppTests/Info.plist;
				LD_RUNPATH_SEARCH_PATHS = "$(inherited) @executable_path/Frameworks @loader_path/Frameworks";
				PRODUCT_BUNDLE_IDENTIFIER = com.hackathon.RideShareAppTests;
				PRODUCT_NAME = "$(TARGET_NAME)";
				SWIFT_VERSION = 3.0;
				TEST_HOST = "$(BUILT_PRODUCTS_DIR)/RideShareApp.app/RideShareApp";
			};
			name = Release;
		};
		441590F51E5463DD0015214F /* Debug */ = {
			isa = XCBuildConfiguration;
			baseConfigurationReference = 3C865F03577C1CDD2EF4A6D7 /* Pods-RideShareAppUITests.debug.xcconfig */;
			buildSettings = {
				ALWAYS_EMBED_SWIFT_STANDARD_LIBRARIES = YES;
				INFOPLIST_FILE = RideShareAppUITests/Info.plist;
				LD_RUNPATH_SEARCH_PATHS = "$(inherited) @executable_path/Frameworks @loader_path/Frameworks";
				PRODUCT_BUNDLE_IDENTIFIER = com.hackathon.RideShareAppUITests;
				PRODUCT_NAME = "$(TARGET_NAME)";
				SWIFT_VERSION = 3.0;
				TEST_TARGET_NAME = RideShareApp;
			};
			name = Debug;
		};
		441590F61E5463DD0015214F /* Release */ = {
			isa = XCBuildConfiguration;
			baseConfigurationReference = 32F926EF70F15B8CEA6BD22E /* Pods-RideShareAppUITests.release.xcconfig */;
			buildSettings = {
				ALWAYS_EMBED_SWIFT_STANDARD_LIBRARIES = YES;
				INFOPLIST_FILE = RideShareAppUITests/Info.plist;
				LD_RUNPATH_SEARCH_PATHS = "$(inherited) @executable_path/Frameworks @loader_path/Frameworks";
				PRODUCT_BUNDLE_IDENTIFIER = com.hackathon.RideShareAppUITests;
				PRODUCT_NAME = "$(TARGET_NAME)";
				SWIFT_VERSION = 3.0;
				TEST_TARGET_NAME = RideShareApp;
			};
			name = Release;
		};
/* End XCBuildConfiguration section */

/* Begin XCConfigurationList section */
		441590C11E5463DC0015214F /* Build configuration list for PBXProject "RideShareApp" */ = {
			isa = XCConfigurationList;
			buildConfigurations = (
				441590EC1E5463DD0015214F /* Debug */,
				441590ED1E5463DD0015214F /* Release */,
			);
			defaultConfigurationIsVisible = 0;
			defaultConfigurationName = Release;
		};
		441590EE1E5463DD0015214F /* Build configuration list for PBXNativeTarget "RideShareApp" */ = {
			isa = XCConfigurationList;
			buildConfigurations = (
				441590EF1E5463DD0015214F /* Debug */,
				441590F01E5463DD0015214F /* Release */,
			);
			defaultConfigurationIsVisible = 0;
			defaultConfigurationName = Release;
		};
		441590F11E5463DD0015214F /* Build configuration list for PBXNativeTarget "RideShareAppTests" */ = {
			isa = XCConfigurationList;
			buildConfigurations = (
				441590F21E5463DD0015214F /* Debug */,
				441590F31E5463DD0015214F /* Release */,
			);
			defaultConfigurationIsVisible = 0;
			defaultConfigurationName = Release;
		};
		441590F41E5463DD0015214F /* Build configuration list for PBXNativeTarget "RideShareAppUITests" */ = {
			isa = XCConfigurationList;
			buildConfigurations = (
				441590F51E5463DD0015214F /* Debug */,
				441590F61E5463DD0015214F /* Release */,
			);
			defaultConfigurationIsVisible = 0;
			defaultConfigurationName = Release;
		};
/* End XCConfigurationList section */
	};
	rootObject = 441590BE1E5463DC0015214F /* Project object */;
}
