// !$*UTF8*$!
{
	archiveVersion = 1;
	classes = {
	};
	objectVersion = 46;
	objects = {

/* Begin PBXBuildFile section */
		1B81D0ED1E5DA8CF00083182 /* AutocompleteBaseViewController.m in Sources */ = {isa = PBXBuildFile; fileRef = 1B81D0E81E5DA8CF00083182 /* AutocompleteBaseViewController.m */; };
		1B81D0EE1E5DA8CF00083182 /* AutocompleteWithTextFieldController.m in Sources */ = {isa = PBXBuildFile; fileRef = 1B81D0EA1E5DA8CF00083182 /* AutocompleteWithTextFieldController.m */; };
		1B81D0EF1E5DA8CF00083182 /* BaseDemoViewController.m in Sources */ = {isa = PBXBuildFile; fileRef = 1B81D0EC1E5DA8CF00083182 /* BaseDemoViewController.m */; };
		1B81D0F11E5EEDFC00083182 /* MapViewController.swift in Sources */ = {isa = PBXBuildFile; fileRef = 1B81D0F01E5EEDFC00083182 /* MapViewController.swift */; };
		1B81D0F41E5EEE3500083182 /* MapDataManager.swift in Sources */ = {isa = PBXBuildFile; fileRef = 1B81D0F31E5EEE3500083182 /* MapDataManager.swift */; };
		1B81D0F81E5EF6BA00083182 /* HomeViewController.swift in Sources */ = {isa = PBXBuildFile; fileRef = 1B81D0F71E5EF6BA00083182 /* HomeViewController.swift */; };
		1B81D0FA1E5EF71300083182 /* UserProfileViewController.swift in Sources */ = {isa = PBXBuildFile; fileRef = 1B81D0F91E5EF71300083182 /* UserProfileViewController.swift */; };
		1B81D0FC1E5EF79100083182 /* BookRideViewController.swift in Sources */ = {isa = PBXBuildFile; fileRef = 1B81D0FB1E5EF79100083182 /* BookRideViewController.swift */; };
		1B81D0FE1E5EF7D100083182 /* GoRideViewController.swift in Sources */ = {isa = PBXBuildFile; fileRef = 1B81D0FD1E5EF7D100083182 /* GoRideViewController.swift */; };
		1B81D1001E5EF7EB00083182 /* CreditsViewController.swift in Sources */ = {isa = PBXBuildFile; fileRef = 1B81D0FF1E5EF7EB00083182 /* CreditsViewController.swift */; };
		1B81D1021E5EF7FC00083182 /* AboutViewController.swift in Sources */ = {isa = PBXBuildFile; fileRef = 1B81D1011E5EF7FC00083182 /* AboutViewController.swift */; };
		1B81D1041E60369E00083182 /* MyRidesViewController.swift in Sources */ = {isa = PBXBuildFile; fileRef = 1B81D1031E60369E00083182 /* MyRidesViewController.swift */; };
		1B81D1061E60484300083182 /* RouteListViewController.swift in Sources */ = {isa = PBXBuildFile; fileRef = 1B81D1051E60484300083182 /* RouteListViewController.swift */; };
		441590CF1E5463DC0015214F /* Main.storyboard in Resources */ = {isa = PBXBuildFile; fileRef = 441590CD1E5463DC0015214F /* Main.storyboard */; };
		441590D11E5463DC0015214F /* Assets.xcassets in Resources */ = {isa = PBXBuildFile; fileRef = 441590D01E5463DC0015214F /* Assets.xcassets */; };
		441590D41E5463DC0015214F /* LaunchScreen.storyboard in Resources */ = {isa = PBXBuildFile; fileRef = 441590D21E5463DC0015214F /* LaunchScreen.storyboard */; };
		A03166131E62CA2D00FC94FB /* RideShareApp.storyboard in Resources */ = {isa = PBXBuildFile; fileRef = A03166111E62CA2D00FC94FB /* RideShareApp.storyboard */; };
		A03166151E63461900FC94FB /* DatabaseManager.swift in Sources */ = {isa = PBXBuildFile; fileRef = A03166141E63461900FC94FB /* DatabaseManager.swift */; };
		A036B6FB1E68660400C6A153 /* Utils.swift in Sources */ = {isa = PBXBuildFile; fileRef = A036B6FA1E68660400C6A153 /* Utils.swift */; };
		A0A5947F1E54BE04006CEFD5 /* GoogleService-Info.plist in Resources */ = {isa = PBXBuildFile; fileRef = A0A5947E1E54BE04006CEFD5 /* GoogleService-Info.plist */; };
		A0A5948A1E54C007006CEFD5 /* AppDelegate.swift in Sources */ = {isa = PBXBuildFile; fileRef = A0A594871E54C007006CEFD5 /* AppDelegate.swift */; };
		A0A5948D1E54C007006CEFD5 /* BaseViewController.swift in Sources */ = {isa = PBXBuildFile; fileRef = A0A594891E54C007006CEFD5 /* BaseViewController.swift */; };
		A0A594911E54C023006CEFD5 /* SigninViewController.swift in Sources */ = {isa = PBXBuildFile; fileRef = A0A594901E54C023006CEFD5 /* SigninViewController.swift */; };
		A0A594961E55EE53006CEFD5 /* DatabaseOperationsViewController.swift in Sources */ = {isa = PBXBuildFile; fileRef = A0A594951E55EE53006CEFD5 /* DatabaseOperationsViewController.swift */; };
		A0F5D45B1E62A44D0088CCB5 /* User.swift in Sources */ = {isa = PBXBuildFile; fileRef = A0F5D45A1E62A44D0088CCB5 /* User.swift */; };
		A0F5D45D1E62A5E80088CCB5 /* Vehicle.swift in Sources */ = {isa = PBXBuildFile; fileRef = A0F5D45C1E62A5E80088CCB5 /* Vehicle.swift */; };
		A0F5D45F1E62A6D60088CCB5 /* Rides.swift in Sources */ = {isa = PBXBuildFile; fileRef = A0F5D45E1E62A6D60088CCB5 /* Rides.swift */; };
		A7CB17C23F0196D8FE721B3B /* Pods_RideShareApp.framework in Frameworks */ = {isa = PBXBuildFile; fileRef = CA3A9BF81FD2B7AE39E9BF81 /* Pods_RideShareApp.framework */; };
/* End PBXBuildFile section */

/* Begin PBXFileReference section */
		0E692265358BB74486E20E01 /* Pods-RideShareApp.release.xcconfig */ = {isa = PBXFileReference; includeInIndex = 1; lastKnownFileType = text.xcconfig; name = "Pods-RideShareApp.release.xcconfig"; path = "Pods/Target Support Files/Pods-RideShareApp/Pods-RideShareApp.release.xcconfig"; sourceTree = "<group>"; };
		1B81D0E71E5DA8CF00083182 /* AutocompleteBaseViewController.h */ = {isa = PBXFileReference; fileEncoding = 4; lastKnownFileType = sourcecode.c.h; path = AutocompleteBaseViewController.h; sourceTree = "<group>"; };
		1B81D0E81E5DA8CF00083182 /* AutocompleteBaseViewController.m */ = {isa = PBXFileReference; fileEncoding = 4; lastKnownFileType = sourcecode.c.objc; path = AutocompleteBaseViewController.m; sourceTree = "<group>"; };
		1B81D0E91E5DA8CF00083182 /* AutocompleteWithTextFieldController.h */ = {isa = PBXFileReference; fileEncoding = 4; lastKnownFileType = sourcecode.c.h; path = AutocompleteWithTextFieldController.h; sourceTree = "<group>"; };
		1B81D0EA1E5DA8CF00083182 /* AutocompleteWithTextFieldController.m */ = {isa = PBXFileReference; fileEncoding = 4; lastKnownFileType = sourcecode.c.objc; path = AutocompleteWithTextFieldController.m; sourceTree = "<group>"; };
		1B81D0EB1E5DA8CF00083182 /* BaseDemoViewController.h */ = {isa = PBXFileReference; fileEncoding = 4; lastKnownFileType = sourcecode.c.h; path = BaseDemoViewController.h; sourceTree = "<group>"; };
		1B81D0EC1E5DA8CF00083182 /* BaseDemoViewController.m */ = {isa = PBXFileReference; fileEncoding = 4; lastKnownFileType = sourcecode.c.objc; path = BaseDemoViewController.m; sourceTree = "<group>"; };
		1B81D0F01E5EEDFC00083182 /* MapViewController.swift */ = {isa = PBXFileReference; fileEncoding = 4; lastKnownFileType = sourcecode.swift; name = MapViewController.swift; path = Dependencies/MapViewController.swift; sourceTree = "<group>"; };
		1B81D0F31E5EEE3500083182 /* MapDataManager.swift */ = {isa = PBXFileReference; fileEncoding = 4; lastKnownFileType = sourcecode.swift; path = MapDataManager.swift; sourceTree = "<group>"; };
		1B81D0F71E5EF6BA00083182 /* HomeViewController.swift */ = {isa = PBXFileReference; fileEncoding = 4; lastKnownFileType = sourcecode.swift; path = HomeViewController.swift; sourceTree = "<group>"; };
		1B81D0F91E5EF71300083182 /* UserProfileViewController.swift */ = {isa = PBXFileReference; fileEncoding = 4; lastKnownFileType = sourcecode.swift; path = UserProfileViewController.swift; sourceTree = "<group>"; };
		1B81D0FB1E5EF79100083182 /* BookRideViewController.swift */ = {isa = PBXFileReference; fileEncoding = 4; lastKnownFileType = sourcecode.swift; path = BookRideViewController.swift; sourceTree = "<group>"; };
		1B81D0FD1E5EF7D100083182 /* GoRideViewController.swift */ = {isa = PBXFileReference; fileEncoding = 4; lastKnownFileType = sourcecode.swift; path = GoRideViewController.swift; sourceTree = "<group>"; };
		1B81D0FF1E5EF7EB00083182 /* CreditsViewController.swift */ = {isa = PBXFileReference; fileEncoding = 4; lastKnownFileType = sourcecode.swift; path = CreditsViewController.swift; sourceTree = "<group>"; };
		1B81D1011E5EF7FC00083182 /* AboutViewController.swift */ = {isa = PBXFileReference; fileEncoding = 4; lastKnownFileType = sourcecode.swift; path = AboutViewController.swift; sourceTree = "<group>"; };
		1B81D1031E60369E00083182 /* MyRidesViewController.swift */ = {isa = PBXFileReference; fileEncoding = 4; lastKnownFileType = sourcecode.swift; path = MyRidesViewController.swift; sourceTree = "<group>"; };
		1B81D1051E60484300083182 /* RouteListViewController.swift */ = {isa = PBXFileReference; fileEncoding = 4; lastKnownFileType = sourcecode.swift; path = RouteListViewController.swift; sourceTree = "<group>"; };
		231ED9015531AC78A22DC92F /* Pods-RideShareAppTests.release.xcconfig */ = {isa = PBXFileReference; includeInIndex = 1; lastKnownFileType = text.xcconfig; name = "Pods-RideShareAppTests.release.xcconfig"; path = "Pods/Target Support Files/Pods-RideShareAppTests/Pods-RideShareAppTests.release.xcconfig"; sourceTree = "<group>"; };
		32F926EF70F15B8CEA6BD22E /* Pods-RideShareAppUITests.release.xcconfig */ = {isa = PBXFileReference; includeInIndex = 1; lastKnownFileType = text.xcconfig; name = "Pods-RideShareAppUITests.release.xcconfig"; path = "Pods/Target Support Files/Pods-RideShareAppUITests/Pods-RideShareAppUITests.release.xcconfig"; sourceTree = "<group>"; };
		3C865F03577C1CDD2EF4A6D7 /* Pods-RideShareAppUITests.debug.xcconfig */ = {isa = PBXFileReference; includeInIndex = 1; lastKnownFileType = text.xcconfig; name = "Pods-RideShareAppUITests.debug.xcconfig"; path = "Pods/Target Support Files/Pods-RideShareAppUITests/Pods-RideShareAppUITests.debug.xcconfig"; sourceTree = "<group>"; };
		441590C61E5463DC0015214F /* RideShareApp.app */ = {isa = PBXFileReference; explicitFileType = wrapper.application; includeInIndex = 0; path = RideShareApp.app; sourceTree = BUILT_PRODUCTS_DIR; };
		441590CE1E5463DC0015214F /* Base */ = {isa = PBXFileReference; lastKnownFileType = file.storyboard; name = Base; path = Base.lproj/Main.storyboard; sourceTree = "<group>"; };
		441590D01E5463DC0015214F /* Assets.xcassets */ = {isa = PBXFileReference; lastKnownFileType = folder.assetcatalog; path = Assets.xcassets; sourceTree = "<group>"; };
		441590D31E5463DC0015214F /* Base */ = {isa = PBXFileReference; lastKnownFileType = file.storyboard; name = Base; path = Base.lproj/LaunchScreen.storyboard; sourceTree = "<group>"; };
		441590D51E5463DC0015214F /* Info.plist */ = {isa = PBXFileReference; lastKnownFileType = text.plist.xml; path = Info.plist; sourceTree = "<group>"; };
		441590F71E54679A0015214F /* RideShareApp-Bridging-Header.h */ = {isa = PBXFileReference; lastKnownFileType = sourcecode.c.h; path = "RideShareApp-Bridging-Header.h"; sourceTree = "<group>"; };
		926A4FB03A1DA5BF92BBD515 /* Pods_RideShareAppTests.framework */ = {isa = PBXFileReference; explicitFileType = wrapper.framework; includeInIndex = 0; path = Pods_RideShareAppTests.framework; sourceTree = BUILT_PRODUCTS_DIR; };
		A03166121E62CA2D00FC94FB /* Base */ = {isa = PBXFileReference; lastKnownFileType = file.storyboard; name = Base; path = Base.lproj/RideShareApp.storyboard; sourceTree = "<group>"; };
		A03166141E63461900FC94FB /* DatabaseManager.swift */ = {isa = PBXFileReference; fileEncoding = 4; lastKnownFileType = sourcecode.swift; path = DatabaseManager.swift; sourceTree = "<group>"; };
		A036B6FA1E68660400C6A153 /* Utils.swift */ = {isa = PBXFileReference; fileEncoding = 4; lastKnownFileType = sourcecode.swift; path = Utils.swift; sourceTree = "<group>"; };
		A0A5947E1E54BE04006CEFD5 /* GoogleService-Info.plist */ = {isa = PBXFileReference; fileEncoding = 4; lastKnownFileType = text.plist.xml; path = "GoogleService-Info.plist"; sourceTree = "<group>"; };
		A0A594871E54C007006CEFD5 /* AppDelegate.swift */ = {isa = PBXFileReference; fileEncoding = 4; lastKnownFileType = sourcecode.swift; path = AppDelegate.swift; sourceTree = "<group>"; };
		A0A594891E54C007006CEFD5 /* BaseViewController.swift */ = {isa = PBXFileReference; fileEncoding = 4; lastKnownFileType = sourcecode.swift; path = BaseViewController.swift; sourceTree = "<group>"; };
		A0A594901E54C023006CEFD5 /* SigninViewController.swift */ = {isa = PBXFileReference; fileEncoding = 4; lastKnownFileType = sourcecode.swift; path = SigninViewController.swift; sourceTree = "<group>"; };
		A0A594941E54C6DC006CEFD5 /* RideShareApp.entitlements */ = {isa = PBXFileReference; lastKnownFileType = text.plist.entitlements; path = RideShareApp.entitlements; sourceTree = "<group>"; };
		A0A594951E55EE53006CEFD5 /* DatabaseOperationsViewController.swift */ = {isa = PBXFileReference; fileEncoding = 4; lastKnownFileType = sourcecode.swift; path = DatabaseOperationsViewController.swift; sourceTree = "<group>"; };
		A0F5D45A1E62A44D0088CCB5 /* User.swift */ = {isa = PBXFileReference; fileEncoding = 4; lastKnownFileType = sourcecode.swift; path = User.swift; sourceTree = "<group>"; };
		A0F5D45C1E62A5E80088CCB5 /* Vehicle.swift */ = {isa = PBXFileReference; fileEncoding = 4; lastKnownFileType = sourcecode.swift; path = Vehicle.swift; sourceTree = "<group>"; };
		A0F5D45E1E62A6D60088CCB5 /* Rides.swift */ = {isa = PBXFileReference; fileEncoding = 4; lastKnownFileType = sourcecode.swift; path = Rides.swift; sourceTree = "<group>"; };
		C7B092A87EDF4391F17DCA33 /* Pods-RideShareAppTests.debug.xcconfig */ = {isa = PBXFileReference; includeInIndex = 1; lastKnownFileType = text.xcconfig; name = "Pods-RideShareAppTests.debug.xcconfig"; path = "Pods/Target Support Files/Pods-RideShareAppTests/Pods-RideShareAppTests.debug.xcconfig"; sourceTree = "<group>"; };
		CA3A9BF81FD2B7AE39E9BF81 /* Pods_RideShareApp.framework */ = {isa = PBXFileReference; explicitFileType = wrapper.framework; includeInIndex = 0; path = Pods_RideShareApp.framework; sourceTree = BUILT_PRODUCTS_DIR; };
		E4709A084CF75E880BB5F9CB /* Pods-RideShareApp.debug.xcconfig */ = {isa = PBXFileReference; includeInIndex = 1; lastKnownFileType = text.xcconfig; name = "Pods-RideShareApp.debug.xcconfig"; path = "Pods/Target Support Files/Pods-RideShareApp/Pods-RideShareApp.debug.xcconfig"; sourceTree = "<group>"; };
		F31B21696EA5375835593AF3 /* Pods_RideShareAppUITests.framework */ = {isa = PBXFileReference; explicitFileType = wrapper.framework; includeInIndex = 0; path = Pods_RideShareAppUITests.framework; sourceTree = BUILT_PRODUCTS_DIR; };
/* End PBXFileReference section */

/* Begin PBXFrameworksBuildPhase section */
		441590C31E5463DC0015214F /* Frameworks */ = {
			isa = PBXFrameworksBuildPhase;
			buildActionMask = 2147483647;
			files = (
				A7CB17C23F0196D8FE721B3B /* Pods_RideShareApp.framework in Frameworks */,
			);
			runOnlyForDeploymentPostprocessing = 0;
		};
/* End PBXFrameworksBuildPhase section */

/* Begin PBXGroup section */
		1B81D0E61E5DA8CF00083182 /* Dependencies */ = {
			isa = PBXGroup;
			children = (
				1B81D0E71E5DA8CF00083182 /* AutocompleteBaseViewController.h */,
				1B81D0E81E5DA8CF00083182 /* AutocompleteBaseViewController.m */,
				1B81D0E91E5DA8CF00083182 /* AutocompleteWithTextFieldController.h */,
				1B81D0EA1E5DA8CF00083182 /* AutocompleteWithTextFieldController.m */,
				1B81D0EB1E5DA8CF00083182 /* BaseDemoViewController.h */,
				1B81D0EC1E5DA8CF00083182 /* BaseDemoViewController.m */,
			);
			path = Dependencies;
			sourceTree = "<group>";
		};
		1B81D0F21E5EEE3500083182 /* DataManager */ = {
			isa = PBXGroup;
			children = (
				A03166141E63461900FC94FB /* DatabaseManager.swift */,
				1B81D0F31E5EEE3500083182 /* MapDataManager.swift */,
			);
			path = DataManager;
			sourceTree = "<group>";
		};
		2A66C3624BCBBB73BEAD55FA /* Pods */ = {
			isa = PBXGroup;
			children = (
				E4709A084CF75E880BB5F9CB /* Pods-RideShareApp.debug.xcconfig */,
				0E692265358BB74486E20E01 /* Pods-RideShareApp.release.xcconfig */,
				C7B092A87EDF4391F17DCA33 /* Pods-RideShareAppTests.debug.xcconfig */,
				231ED9015531AC78A22DC92F /* Pods-RideShareAppTests.release.xcconfig */,
				3C865F03577C1CDD2EF4A6D7 /* Pods-RideShareAppUITests.debug.xcconfig */,
				32F926EF70F15B8CEA6BD22E /* Pods-RideShareAppUITests.release.xcconfig */,
			);
			name = Pods;
			sourceTree = "<group>";
		};
		441590BD1E5463DC0015214F = {
			isa = PBXGroup;
			children = (
				441590C81E5463DC0015214F /* RideShareApp */,
				441590C71E5463DC0015214F /* Products */,
				2A66C3624BCBBB73BEAD55FA /* Pods */,
				61D6CAE058B8FD545625FAB6 /* Frameworks */,
			);
			sourceTree = "<group>";
		};
		441590C71E5463DC0015214F /* Products */ = {
			isa = PBXGroup;
			children = (
				441590C61E5463DC0015214F /* RideShareApp.app */,
			);
			name = Products;
			sourceTree = "<group>";
		};
		441590C81E5463DC0015214F /* RideShareApp */ = {
			isa = PBXGroup;
			children = (
				A03166101E62CA1300FC94FB /* StoryBoards */,
				A0A594941E54C6DC006CEFD5 /* RideShareApp.entitlements */,
				A0A5947D1E54BE04006CEFD5 /* Resources */,
				A0A594861E54C007006CEFD5 /* Classes */,
				441590D01E5463DC0015214F /* Assets.xcassets */,
				441590D51E5463DC0015214F /* Info.plist */,
				441590F71E54679A0015214F /* RideShareApp-Bridging-Header.h */,
			);
			path = RideShareApp;
			sourceTree = "<group>";
		};
		61D6CAE058B8FD545625FAB6 /* Frameworks */ = {
			isa = PBXGroup;
			children = (
				CA3A9BF81FD2B7AE39E9BF81 /* Pods_RideShareApp.framework */,
				926A4FB03A1DA5BF92BBD515 /* Pods_RideShareAppTests.framework */,
				F31B21696EA5375835593AF3 /* Pods_RideShareAppUITests.framework */,
			);
			name = Frameworks;
			sourceTree = "<group>";
		};
		A03166101E62CA1300FC94FB /* StoryBoards */ = {
			isa = PBXGroup;
			children = (
				A03166111E62CA2D00FC94FB /* RideShareApp.storyboard */,
				441590CD1E5463DC0015214F /* Main.storyboard */,
				441590D21E5463DC0015214F /* LaunchScreen.storyboard */,
			);
			name = StoryBoards;
			sourceTree = "<group>";
		};
		A036B6F91E6865FC00C6A153 /* Utils */ = {
			isa = PBXGroup;
			children = (
				A036B6FA1E68660400C6A153 /* Utils.swift */,
			);
			path = Utils;
			sourceTree = "<group>";
		};
		A0A5947D1E54BE04006CEFD5 /* Resources */ = {
			isa = PBXGroup;
			children = (
				A0A5947E1E54BE04006CEFD5 /* GoogleService-Info.plist */,
			);
			path = Resources;
			sourceTree = "<group>";
		};
		A0A594861E54C007006CEFD5 /* Classes */ = {
			isa = PBXGroup;
			children = (
				A036B6F91E6865FC00C6A153 /* Utils */,
				A0F5D4591E62A4350088CCB5 /* Models */,
				1B81D0F21E5EEE3500083182 /* DataManager */,
				A0A594881E54C007006CEFD5 /* ViewControllers */,
				A0A594871E54C007006CEFD5 /* AppDelegate.swift */,
			);
			path = Classes;
			sourceTree = "<group>";
		};
		A0A594881E54C007006CEFD5 /* ViewControllers */ = {
			isa = PBXGroup;
			children = (
				1B81D0E61E5DA8CF00083182 /* Dependencies */,
				A0A594951E55EE53006CEFD5 /* DatabaseOperationsViewController.swift */,
				A0A594901E54C023006CEFD5 /* SigninViewController.swift */,
				A0A594891E54C007006CEFD5 /* BaseViewController.swift */,
				1B81D0F01E5EEDFC00083182 /* MapViewController.swift */,
				1B81D0F91E5EF71300083182 /* UserProfileViewController.swift */,
				1B81D0F71E5EF6BA00083182 /* HomeViewController.swift */,
				1B81D0FB1E5EF79100083182 /* BookRideViewController.swift */,
				1B81D0FD1E5EF7D100083182 /* GoRideViewController.swift */,
				1B81D0FF1E5EF7EB00083182 /* CreditsViewController.swift */,
				1B81D1011E5EF7FC00083182 /* AboutViewController.swift */,
				1B81D1031E60369E00083182 /* MyRidesViewController.swift */,
				1B81D1051E60484300083182 /* RouteListViewController.swift */,
			);
			path = ViewControllers;
			sourceTree = "<group>";
		};
		A0F5D4591E62A4350088CCB5 /* Models */ = {
			isa = PBXGroup;
			children = (
				A0F5D45A1E62A44D0088CCB5 /* User.swift */,
				A0F5D45C1E62A5E80088CCB5 /* Vehicle.swift */,
				A0F5D45E1E62A6D60088CCB5 /* Rides.swift */,
			);
			path = Models;
			sourceTree = "<group>";
		};
/* End PBXGroup section */

/* Begin PBXNativeTarget section */
		441590C51E5463DC0015214F /* RideShareApp */ = {
			isa = PBXNativeTarget;
			buildConfigurationList = 441590EE1E5463DD0015214F /* Build configuration list for PBXNativeTarget "RideShareApp" */;
			buildPhases = (
				62071056C21F12458CFB2510 /* [CP] Check Pods Manifest.lock */,
				441590C21E5463DC0015214F /* Sources */,
				441590C31E5463DC0015214F /* Frameworks */,
				441590C41E5463DC0015214F /* Resources */,
				4DADF6D4E5A7ECE22E960DB8 /* [CP] Embed Pods Frameworks */,
				486098045A44DC24E3168199 /* [CP] Copy Pods Resources */,
			);
			buildRules = (
			);
			dependencies = (
			);
			name = RideShareApp;
			productName = RideShareApp;
			productReference = 441590C61E5463DC0015214F /* RideShareApp.app */;
			productType = "com.apple.product-type.application";
		};
/* End PBXNativeTarget section */

/* Begin PBXProject section */
		441590BE1E5463DC0015214F /* Project object */ = {
			isa = PBXProject;
			attributes = {
				LastSwiftUpdateCheck = 0810;
				LastUpgradeCheck = 0810;
				ORGANIZATIONNAME = Tcs;
				TargetAttributes = {
					441590C51E5463DC0015214F = {
						CreatedOnToolsVersion = 8.1;
						DevelopmentTeam = 9W5FFKY42D;
						LastSwiftMigration = 0810;
						ProvisioningStyle = Automatic;
						SystemCapabilities = {
							com.apple.Keychain = {
								enabled = 1;
							};
						};
					};
				};
			};
			buildConfigurationList = 441590C11E5463DC0015214F /* Build configuration list for PBXProject "RideShareApp" */;
			compatibilityVersion = "Xcode 3.2";
			developmentRegion = English;
			hasScannedForEncodings = 0;
			knownRegions = (
				en,
				Base,
			);
			mainGroup = 441590BD1E5463DC0015214F;
			productRefGroup = 441590C71E5463DC0015214F /* Products */;
			projectDirPath = "";
			projectRoot = "";
			targets = (
				441590C51E5463DC0015214F /* RideShareApp */,
			);
		};
/* End PBXProject section */

/* Begin PBXResourcesBuildPhase section */
		441590C41E5463DC0015214F /* Resources */ = {
			isa = PBXResourcesBuildPhase;
			buildActionMask = 2147483647;
			files = (
				441590D41E5463DC0015214F /* LaunchScreen.storyboard in Resources */,
				A0A5947F1E54BE04006CEFD5 /* GoogleService-Info.plist in Resources */,
				441590D11E5463DC0015214F /* Assets.xcassets in Resources */,
				A03166131E62CA2D00FC94FB /* RideShareApp.storyboard in Resources */,
				441590CF1E5463DC0015214F /* Main.storyboard in Resources */,
			);
			runOnlyForDeploymentPostprocessing = 0;
		};
/* End PBXResourcesBuildPhase section */

/* Begin PBXShellScriptBuildPhase section */
		486098045A44DC24E3168199 /* [CP] Copy Pods Resources */ = {
			isa = PBXShellScriptBuildPhase;
			buildActionMask = 2147483647;
			files = (
			);
			inputPaths = (
			);
			name = "[CP] Copy Pods Resources";
			outputPaths = (
			);
			runOnlyForDeploymentPostprocessing = 0;
			shellPath = /bin/sh;
			shellScript = "\"${SRCROOT}/Pods/Target Support Files/Pods-RideShareApp/Pods-RideShareApp-resources.sh\"\n";
			showEnvVarsInLog = 0;
		};
		4DADF6D4E5A7ECE22E960DB8 /* [CP] Embed Pods Frameworks */ = {
			isa = PBXShellScriptBuildPhase;
			buildActionMask = 2147483647;
			files = (
			);
			inputPaths = (
			);
			name = "[CP] Embed Pods Frameworks";
			outputPaths = (
			);
			runOnlyForDeploymentPostprocessing = 0;
			shellPath = /bin/sh;
			shellScript = "\"${SRCROOT}/Pods/Target Support Files/Pods-RideShareApp/Pods-RideShareApp-frameworks.sh\"\n";
			showEnvVarsInLog = 0;
		};
		62071056C21F12458CFB2510 /* [CP] Check Pods Manifest.lock */ = {
			isa = PBXShellScriptBuildPhase;
			buildActionMask = 2147483647;
			files = (
			);
			inputPaths = (
			);
			name = "[CP] Check Pods Manifest.lock";
			outputPaths = (
			);
			runOnlyForDeploymentPostprocessing = 0;
			shellPath = /bin/sh;
			shellScript = "diff \"${PODS_ROOT}/../Podfile.lock\" \"${PODS_ROOT}/Manifest.lock\" > /dev/null\nif [ $? != 0 ] ; then\n    # print error to STDERR\n    echo \"error: The sandbox is not in sync with the Podfile.lock. Run 'pod install' or update your CocoaPods installation.\" >&2\n    exit 1\nfi\n";
			showEnvVarsInLog = 0;
		};
/* End PBXShellScriptBuildPhase section */

/* Begin PBXSourcesBuildPhase section */
		441590C21E5463DC0015214F /* Sources */ = {
			isa = PBXSourcesBuildPhase;
			buildActionMask = 2147483647;
			files = (
				1B81D0EE1E5DA8CF00083182 /* AutocompleteWithTextFieldController.m in Sources */,
				1B81D0FC1E5EF79100083182 /* BookRideViewController.swift in Sources */,
				1B81D0FE1E5EF7D100083182 /* GoRideViewController.swift in Sources */,
				A0F5D45D1E62A5E80088CCB5 /* Vehicle.swift in Sources */,
				1B81D0ED1E5DA8CF00083182 /* AutocompleteBaseViewController.m in Sources */,
				1B81D0EF1E5DA8CF00083182 /* BaseDemoViewController.m in Sources */,
				1B81D0F81E5EF6BA00083182 /* HomeViewController.swift in Sources */,
				A036B6FB1E68660400C6A153 /* Utils.swift in Sources */,
				1B81D1041E60369E00083182 /* MyRidesViewController.swift in Sources */,
				A0A5948A1E54C007006CEFD5 /* AppDelegate.swift in Sources */,
				1B81D0F41E5EEE3500083182 /* MapDataManager.swift in Sources */,
				1B81D1001E5EF7EB00083182 /* CreditsViewController.swift in Sources */,
				A0A594961E55EE53006CEFD5 /* DatabaseOperationsViewController.swift in Sources */,
				A0A5948D1E54C007006CEFD5 /* BaseViewController.swift in Sources */,
				A0F5D45F1E62A6D60088CCB5 /* Rides.swift in Sources */,
				1B81D0FA1E5EF71300083182 /* UserProfileViewController.swift in Sources */,
				1B81D1021E5EF7FC00083182 /* AboutViewController.swift in Sources */,
				A0F5D45B1E62A44D0088CCB5 /* User.swift in Sources */,
				1B81D1061E60484300083182 /* RouteListViewController.swift in Sources */,
				A0A594911E54C023006CEFD5 /* SigninViewController.swift in Sources */,
				1B81D0F11E5EEDFC00083182 /* MapViewController.swift in Sources */,
				A03166151E63461900FC94FB /* DatabaseManager.swift in Sources */,
			);
			runOnlyForDeploymentPostprocessing = 0;
		};
/* End PBXSourcesBuildPhase section */

/* Begin PBXVariantGroup section */
		441590CD1E5463DC0015214F /* Main.storyboard */ = {
			isa = PBXVariantGroup;
			children = (
				441590CE1E5463DC0015214F /* Base */,
			);
			name = Main.storyboard;
			sourceTree = "<group>";
		};
		441590D21E5463DC0015214F /* LaunchScreen.storyboard */ = {
			isa = PBXVariantGroup;
			children = (
				441590D31E5463DC0015214F /* Base */,
			);
			name = LaunchScreen.storyboard;
			sourceTree = "<group>";
		};
		A03166111E62CA2D00FC94FB /* RideShareApp.storyboard */ = {
			isa = PBXVariantGroup;
			children = (
				A03166121E62CA2D00FC94FB /* Base */,
			);
			name = RideShareApp.storyboard;
			sourceTree = "<group>";
		};
/* End PBXVariantGroup section */

/* Begin XCBuildConfiguration section */
		441590EC1E5463DD0015214F /* Debug */ = {
			isa = XCBuildConfiguration;
			buildSettings = {
				ALWAYS_SEARCH_USER_PATHS = NO;
				CLANG_ANALYZER_NONNULL = YES;
				CLANG_CXX_LANGUAGE_STANDARD = "gnu++0x";
				CLANG_CXX_LIBRARY = "libc++";
				CLANG_ENABLE_MODULES = YES;
				CLANG_ENABLE_OBJC_ARC = YES;
				CLANG_WARN_BOOL_CONVERSION = YES;
				CLANG_WARN_CONSTANT_CONVERSION = YES;
				CLANG_WARN_DIRECT_OBJC_ISA_USAGE = YES_ERROR;
				CLANG_WARN_DOCUMENTATION_COMMENTS = YES;
				CLANG_WARN_EMPTY_BODY = YES;
				CLANG_WARN_ENUM_CONVERSION = YES;
				CLANG_WARN_INFINITE_RECURSION = YES;
				CLANG_WARN_INT_CONVERSION = YES;
				CLANG_WARN_OBJC_ROOT_CLASS = YES_ERROR;
				CLANG_WARN_SUSPICIOUS_MOVES = YES;
				CLANG_WARN_UNREACHABLE_CODE = YES;
				CLANG_WARN__DUPLICATE_METHOD_MATCH = YES;
				"CODE_SIGN_IDENTITY[sdk=iphoneos*]" = "iPhone Developer";
				COPY_PHASE_STRIP = NO;
				DEBUG_INFORMATION_FORMAT = dwarf;
				ENABLE_STRICT_OBJC_MSGSEND = YES;
				ENABLE_TESTABILITY = YES;
				GCC_C_LANGUAGE_STANDARD = gnu99;
				GCC_DYNAMIC_NO_PIC = NO;
				GCC_NO_COMMON_BLOCKS = YES;
				GCC_OPTIMIZATION_LEVEL = 0;
				GCC_PREPROCESSOR_DEFINITIONS = (
					"DEBUG=1",
					"$(inherited)",
				);
				GCC_WARN_64_TO_32_BIT_CONVERSION = YES;
				GCC_WARN_ABOUT_RETURN_TYPE = YES_ERROR;
				GCC_WARN_UNDECLARED_SELECTOR = YES;
				GCC_WARN_UNINITIALIZED_AUTOS = YES_AGGRESSIVE;
				GCC_WARN_UNUSED_FUNCTION = YES;
				GCC_WARN_UNUSED_VARIABLE = YES;
				IPHONEOS_DEPLOYMENT_TARGET = 10.1;
				MTL_ENABLE_DEBUG_INFO = YES;
				ONLY_ACTIVE_ARCH = YES;
				SDKROOT = iphoneos;
				SWIFT_ACTIVE_COMPILATION_CONDITIONS = DEBUG;
				SWIFT_OPTIMIZATION_LEVEL = "-Onone";
				TARGETED_DEVICE_FAMILY = "1,2";
			};
			name = Debug;
		};
		441590ED1E5463DD0015214F /* Release */ = {
			isa = XCBuildConfiguration;
			buildSettings = {
				ALWAYS_SEARCH_USER_PATHS = NO;
				CLANG_ANALYZER_NONNULL = YES;
				CLANG_CXX_LANGUAGE_STANDARD = "gnu++0x";
				CLANG_CXX_LIBRARY = "libc++";
				CLANG_ENABLE_MODULES = YES;
				CLANG_ENABLE_OBJC_ARC = YES;
				CLANG_WARN_BOOL_CONVERSION = YES;
				CLANG_WARN_CONSTANT_CONVERSION = YES;
				CLANG_WARN_DIRECT_OBJC_ISA_USAGE = YES_ERROR;
				CLANG_WARN_DOCUMENTATION_COMMENTS = YES;
				CLANG_WARN_EMPTY_BODY = YES;
				CLANG_WARN_ENUM_CONVERSION = YES;
				CLANG_WARN_INFINITE_RECURSION = YES;
				CLANG_WARN_INT_CONVERSION = YES;
				CLANG_WARN_OBJC_ROOT_CLASS = YES_ERROR;
				CLANG_WARN_SUSPICIOUS_MOVES = YES;
				CLANG_WARN_UNREACHABLE_CODE = YES;
				CLANG_WARN__DUPLICATE_METHOD_MATCH = YES;
				"CODE_SIGN_IDENTITY[sdk=iphoneos*]" = "iPhone Developer";
				COPY_PHASE_STRIP = NO;
				DEBUG_INFORMATION_FORMAT = "dwarf-with-dsym";
				ENABLE_NS_ASSERTIONS = NO;
				ENABLE_STRICT_OBJC_MSGSEND = YES;
				GCC_C_LANGUAGE_STANDARD = gnu99;
				GCC_NO_COMMON_BLOCKS = YES;
				GCC_WARN_64_TO_32_BIT_CONVERSION = YES;
				GCC_WARN_ABOUT_RETURN_TYPE = YES_ERROR;
				GCC_WARN_UNDECLARED_SELECTOR = YES;
				GCC_WARN_UNINITIALIZED_AUTOS = YES_AGGRESSIVE;
				GCC_WARN_UNUSED_FUNCTION = YES;
				GCC_WARN_UNUSED_VARIABLE = YES;
				IPHONEOS_DEPLOYMENT_TARGET = 10.1;
				MTL_ENABLE_DEBUG_INFO = NO;
				SDKROOT = iphoneos;
				SWIFT_OPTIMIZATION_LEVEL = "-Owholemodule";
				TARGETED_DEVICE_FAMILY = "1,2";
				VALIDATE_PRODUCT = YES;
			};
			name = Release;
		};
		441590EF1E5463DD0015214F /* Debug */ = {
			isa = XCBuildConfiguration;
			baseConfigurationReference = E4709A084CF75E880BB5F9CB /* Pods-RideShareApp.debug.xcconfig */;
			buildSettings = {
				ASSETCATALOG_COMPILER_APPICON_NAME = AppIcon;
				CLANG_ENABLE_MODULES = YES;
				CODE_SIGN_ENTITLEMENTS = RideShareApp/RideShareApp.entitlements;
				DEVELOPMENT_TEAM = 9W5FFKY42D;
				INFOPLIST_FILE = RideShareApp/Info.plist;
				LD_RUNPATH_SEARCH_PATHS = "$(inherited) @executable_path/Frameworks";
				PRODUCT_BUNDLE_IDENTIFIER = com.hackathon.RideShareApp;
				PRODUCT_NAME = "$(TARGET_NAME)";
				SWIFT_OBJC_BRIDGING_HEADER = "RideShareApp/RideShareApp-Bridging-Header.h";
				SWIFT_OPTIMIZATION_LEVEL = "-Onone";
				SWIFT_VERSION = 3.0;
			};
			name = Debug;
		};
		441590F01E5463DD0015214F /* Release */ = {
			isa = XCBuildConfiguration;
			baseConfigurationReference = 0E692265358BB74486E20E01 /* Pods-RideShareApp.release.xcconfig */;
			buildSettings = {
				ASSETCATALOG_COMPILER_APPICON_NAME = AppIcon;
				CLANG_ENABLE_MODULES = YES;
				CODE_SIGN_ENTITLEMENTS = RideShareApp/RideShareApp.entitlements;
				DEVELOPMENT_TEAM = 9W5FFKY42D;
				INFOPLIST_FILE = RideShareApp/Info.plist;
				LD_RUNPATH_SEARCH_PATHS = "$(inherited) @executable_path/Frameworks";
				PRODUCT_BUNDLE_IDENTIFIER = com.hackathon.RideShareApp;
				PRODUCT_NAME = "$(TARGET_NAME)";
				SWIFT_OBJC_BRIDGING_HEADER = "RideShareApp/RideShareApp-Bridging-Header.h";
				SWIFT_VERSION = 3.0;
			};
			name = Release;
		};
/* End XCBuildConfiguration section */

/* Begin XCConfigurationList section */
		441590C11E5463DC0015214F /* Build configuration list for PBXProject "RideShareApp" */ = {
			isa = XCConfigurationList;
			buildConfigurations = (
				441590EC1E5463DD0015214F /* Debug */,
				441590ED1E5463DD0015214F /* Release */,
			);
			defaultConfigurationIsVisible = 0;
			defaultConfigurationName = Release;
		};
		441590EE1E5463DD0015214F /* Build configuration list for PBXNativeTarget "RideShareApp" */ = {
			isa = XCConfigurationList;
			buildConfigurations = (
				441590EF1E5463DD0015214F /* Debug */,
				441590F01E5463DD0015214F /* Release */,
			);
			defaultConfigurationIsVisible = 0;
			defaultConfigurationName = Release;
		};
/* End XCConfigurationList section */
	};
	rootObject = 441590BE1E5463DC0015214F /* Project object */;
}
